// !$*UTF8*$!
{
	archiveVersion = 1;
	classes = {
	};
	objectVersion = 51;
	objects = {

/* Begin PBXBuildFile section */
		04B6F2FE9665804B77F7EE4F /* Pods_Parstagram_ParstagramUITests.framework in Frameworks */ = {isa = PBXBuildFile; fileRef = BCE60790C887B8AE887BB3D9 /* Pods_Parstagram_ParstagramUITests.framework */; };
		1484812815DC20AE241E6B7B /* Pods_Parstagram.framework in Frameworks */ = {isa = PBXBuildFile; fileRef = 35A66CDF9D47428B142C8615 /* Pods_Parstagram.framework */; };
		96170DAE260B8DCC001FC760 /* CommentCell.swift in Sources */ = {isa = PBXBuildFile; fileRef = 96170DAD260B8DCC001FC760 /* CommentCell.swift */; };
		96E2145E26018E2B0098DBD6 /* AppDelegate.swift in Sources */ = {isa = PBXBuildFile; fileRef = 96E2145D26018E2B0098DBD6 /* AppDelegate.swift */; };
		96E2146026018E2B0098DBD6 /* SceneDelegate.swift in Sources */ = {isa = PBXBuildFile; fileRef = 96E2145F26018E2B0098DBD6 /* SceneDelegate.swift */; };
		96E2146526018E2B0098DBD6 /* Main.storyboard in Resources */ = {isa = PBXBuildFile; fileRef = 96E2146326018E2B0098DBD6 /* Main.storyboard */; };
		96E2146826018E2B0098DBD6 /* Parstagram.xcdatamodeld in Sources */ = {isa = PBXBuildFile; fileRef = 96E2146626018E2B0098DBD6 /* Parstagram.xcdatamodeld */; };
		96E2146A26018E300098DBD6 /* Assets.xcassets in Resources */ = {isa = PBXBuildFile; fileRef = 96E2146926018E300098DBD6 /* Assets.xcassets */; };
		96E2146D26018E300098DBD6 /* LaunchScreen.storyboard in Resources */ = {isa = PBXBuildFile; fileRef = 96E2146B26018E300098DBD6 /* LaunchScreen.storyboard */; };
		96E2147826018E310098DBD6 /* ParstagramTests.swift in Sources */ = {isa = PBXBuildFile; fileRef = 96E2147726018E310098DBD6 /* ParstagramTests.swift */; };
		96E2148326018E310098DBD6 /* ParstagramUITests.swift in Sources */ = {isa = PBXBuildFile; fileRef = 96E2148226018E310098DBD6 /* ParstagramUITests.swift */; };
		96E214A0260194F60098DBD6 /* LoginViewController.swift in Sources */ = {isa = PBXBuildFile; fileRef = 96E2149F260194F60098DBD6 /* LoginViewController.swift */; };
		96E214A5260195040098DBD6 /* FeedViewController.swift in Sources */ = {isa = PBXBuildFile; fileRef = 96E214A4260195040098DBD6 /* FeedViewController.swift */; };
		96E214AD26019BFB0098DBD6 /* CameraViewController.swift in Sources */ = {isa = PBXBuildFile; fileRef = 96E214AC26019BFB0098DBD6 /* CameraViewController.swift */; };
		96E214C72601BA4E0098DBD6 /* PostCell.swift in Sources */ = {isa = PBXBuildFile; fileRef = 96E214C62601BA4E0098DBD6 /* PostCell.swift */; };
		B95DE8F0ACE3CC18221418F7 /* Pods_ParstagramTests.framework in Frameworks */ = {isa = PBXBuildFile; fileRef = C7DD903E6050226C910EEFEC /* Pods_ParstagramTests.framework */; };
/* End PBXBuildFile section */

/* Begin PBXContainerItemProxy section */
		96E2147426018E310098DBD6 /* PBXContainerItemProxy */ = {
			isa = PBXContainerItemProxy;
			containerPortal = 96E2145226018E2A0098DBD6 /* Project object */;
			proxyType = 1;
			remoteGlobalIDString = 96E2145926018E2B0098DBD6;
			remoteInfo = Parstagram;
		};
		96E2147F26018E310098DBD6 /* PBXContainerItemProxy */ = {
			isa = PBXContainerItemProxy;
			containerPortal = 96E2145226018E2A0098DBD6 /* Project object */;
			proxyType = 1;
			remoteGlobalIDString = 96E2145926018E2B0098DBD6;
			remoteInfo = Parstagram;
		};
/* End PBXContainerItemProxy section */

/* Begin PBXFileReference section */
		1E47366BE63428A793BEE695 /* Pods-Parstagram.release.xcconfig */ = {isa = PBXFileReference; includeInIndex = 1; lastKnownFileType = text.xcconfig; name = "Pods-Parstagram.release.xcconfig"; path = "Target Support Files/Pods-Parstagram/Pods-Parstagram.release.xcconfig"; sourceTree = "<group>"; };
		215C0138BEE1C7C20A7B1F0E /* Pods-Parstagram.debug.xcconfig */ = {isa = PBXFileReference; includeInIndex = 1; lastKnownFileType = text.xcconfig; name = "Pods-Parstagram.debug.xcconfig"; path = "Target Support Files/Pods-Parstagram/Pods-Parstagram.debug.xcconfig"; sourceTree = "<group>"; };
		24C7E14DAA4B28312626E111 /* Pods-Parstagram-ParstagramUITests.debug.xcconfig */ = {isa = PBXFileReference; includeInIndex = 1; lastKnownFileType = text.xcconfig; name = "Pods-Parstagram-ParstagramUITests.debug.xcconfig"; path = "Target Support Files/Pods-Parstagram-ParstagramUITests/Pods-Parstagram-ParstagramUITests.debug.xcconfig"; sourceTree = "<group>"; };
		35A66CDF9D47428B142C8615 /* Pods_Parstagram.framework */ = {isa = PBXFileReference; explicitFileType = wrapper.framework; includeInIndex = 0; path = Pods_Parstagram.framework; sourceTree = BUILT_PRODUCTS_DIR; };
		96170DAD260B8DCC001FC760 /* CommentCell.swift */ = {isa = PBXFileReference; lastKnownFileType = sourcecode.swift; path = CommentCell.swift; sourceTree = "<group>"; };
		96E2145A26018E2B0098DBD6 /* Parstagram.app */ = {isa = PBXFileReference; explicitFileType = wrapper.application; includeInIndex = 0; path = Parstagram.app; sourceTree = BUILT_PRODUCTS_DIR; };
		96E2145D26018E2B0098DBD6 /* AppDelegate.swift */ = {isa = PBXFileReference; lastKnownFileType = sourcecode.swift; path = AppDelegate.swift; sourceTree = "<group>"; };
		96E2145F26018E2B0098DBD6 /* SceneDelegate.swift */ = {isa = PBXFileReference; lastKnownFileType = sourcecode.swift; path = SceneDelegate.swift; sourceTree = "<group>"; };
		96E2146426018E2B0098DBD6 /* Base */ = {isa = PBXFileReference; lastKnownFileType = file.storyboard; name = Base; path = Base.lproj/Main.storyboard; sourceTree = "<group>"; };
		96E2146726018E2B0098DBD6 /* Parstagram.xcdatamodel */ = {isa = PBXFileReference; lastKnownFileType = wrapper.xcdatamodel; path = Parstagram.xcdatamodel; sourceTree = "<group>"; };
		96E2146926018E300098DBD6 /* Assets.xcassets */ = {isa = PBXFileReference; lastKnownFileType = folder.assetcatalog; path = Assets.xcassets; sourceTree = "<group>"; };
		96E2146C26018E300098DBD6 /* Base */ = {isa = PBXFileReference; lastKnownFileType = file.storyboard; name = Base; path = Base.lproj/LaunchScreen.storyboard; sourceTree = "<group>"; };
		96E2146E26018E300098DBD6 /* Info.plist */ = {isa = PBXFileReference; lastKnownFileType = text.plist.xml; path = Info.plist; sourceTree = "<group>"; };
		96E2147326018E310098DBD6 /* ParstagramTests.xctest */ = {isa = PBXFileReference; explicitFileType = wrapper.cfbundle; includeInIndex = 0; path = ParstagramTests.xctest; sourceTree = BUILT_PRODUCTS_DIR; };
		96E2147726018E310098DBD6 /* ParstagramTests.swift */ = {isa = PBXFileReference; lastKnownFileType = sourcecode.swift; path = ParstagramTests.swift; sourceTree = "<group>"; };
		96E2147926018E310098DBD6 /* Info.plist */ = {isa = PBXFileReference; lastKnownFileType = text.plist.xml; path = Info.plist; sourceTree = "<group>"; };
		96E2147E26018E310098DBD6 /* ParstagramUITests.xctest */ = {isa = PBXFileReference; explicitFileType = wrapper.cfbundle; includeInIndex = 0; path = ParstagramUITests.xctest; sourceTree = BUILT_PRODUCTS_DIR; };
		96E2148226018E310098DBD6 /* ParstagramUITests.swift */ = {isa = PBXFileReference; lastKnownFileType = sourcecode.swift; path = ParstagramUITests.swift; sourceTree = "<group>"; };
		96E2148426018E310098DBD6 /* Info.plist */ = {isa = PBXFileReference; lastKnownFileType = text.plist.xml; path = Info.plist; sourceTree = "<group>"; };
		96E2149F260194F60098DBD6 /* LoginViewController.swift */ = {isa = PBXFileReference; lastKnownFileType = sourcecode.swift; path = LoginViewController.swift; sourceTree = "<group>"; };
		96E214A4260195040098DBD6 /* FeedViewController.swift */ = {isa = PBXFileReference; lastKnownFileType = sourcecode.swift; path = FeedViewController.swift; sourceTree = "<group>"; };
		96E214AC26019BFB0098DBD6 /* CameraViewController.swift */ = {isa = PBXFileReference; lastKnownFileType = sourcecode.swift; path = CameraViewController.swift; sourceTree = "<group>"; };
		96E214C62601BA4E0098DBD6 /* PostCell.swift */ = {isa = PBXFileReference; lastKnownFileType = sourcecode.swift; path = PostCell.swift; sourceTree = "<group>"; };
		9D4BF718F02D79F47DB23A3B /* Pods-ParstagramTests.release.xcconfig */ = {isa = PBXFileReference; includeInIndex = 1; lastKnownFileType = text.xcconfig; name = "Pods-ParstagramTests.release.xcconfig"; path = "Target Support Files/Pods-ParstagramTests/Pods-ParstagramTests.release.xcconfig"; sourceTree = "<group>"; };
		A8BA29AC5DCBFCAB8E2F9D23 /* Pods-Parstagram-ParstagramUITests.release.xcconfig */ = {isa = PBXFileReference; includeInIndex = 1; lastKnownFileType = text.xcconfig; name = "Pods-Parstagram-ParstagramUITests.release.xcconfig"; path = "Target Support Files/Pods-Parstagram-ParstagramUITests/Pods-Parstagram-ParstagramUITests.release.xcconfig"; sourceTree = "<group>"; };
		BCE60790C887B8AE887BB3D9 /* Pods_Parstagram_ParstagramUITests.framework */ = {isa = PBXFileReference; explicitFileType = wrapper.framework; includeInIndex = 0; path = Pods_Parstagram_ParstagramUITests.framework; sourceTree = BUILT_PRODUCTS_DIR; };
		C5556415DC3026F89DE6AA34 /* Pods-ParstagramTests.debug.xcconfig */ = {isa = PBXFileReference; includeInIndex = 1; lastKnownFileType = text.xcconfig; name = "Pods-ParstagramTests.debug.xcconfig"; path = "Target Support Files/Pods-ParstagramTests/Pods-ParstagramTests.debug.xcconfig"; sourceTree = "<group>"; };
		C7DD903E6050226C910EEFEC /* Pods_ParstagramTests.framework */ = {isa = PBXFileReference; explicitFileType = wrapper.framework; includeInIndex = 0; path = Pods_ParstagramTests.framework; sourceTree = BUILT_PRODUCTS_DIR; };
/* End PBXFileReference section */

/* Begin PBXFrameworksBuildPhase section */
		96E2145726018E2B0098DBD6 /* Frameworks */ = {
			isa = PBXFrameworksBuildPhase;
			buildActionMask = 2147483647;
			files = (
				1484812815DC20AE241E6B7B /* Pods_Parstagram.framework in Frameworks */,
			);
			runOnlyForDeploymentPostprocessing = 0;
		};
		96E2147026018E310098DBD6 /* Frameworks */ = {
			isa = PBXFrameworksBuildPhase;
			buildActionMask = 2147483647;
			files = (
				B95DE8F0ACE3CC18221418F7 /* Pods_ParstagramTests.framework in Frameworks */,
			);
			runOnlyForDeploymentPostprocessing = 0;
		};
		96E2147B26018E310098DBD6 /* Frameworks */ = {
			isa = PBXFrameworksBuildPhase;
			buildActionMask = 2147483647;
			files = (
				04B6F2FE9665804B77F7EE4F /* Pods_Parstagram_ParstagramUITests.framework in Frameworks */,
			);
			runOnlyForDeploymentPostprocessing = 0;
		};
/* End PBXFrameworksBuildPhase section */

/* Begin PBXGroup section */
		24E83E01B00519061C79177C /* Pods */ = {
			isa = PBXGroup;
			children = (
				215C0138BEE1C7C20A7B1F0E /* Pods-Parstagram.debug.xcconfig */,
				1E47366BE63428A793BEE695 /* Pods-Parstagram.release.xcconfig */,
				24C7E14DAA4B28312626E111 /* Pods-Parstagram-ParstagramUITests.debug.xcconfig */,
				A8BA29AC5DCBFCAB8E2F9D23 /* Pods-Parstagram-ParstagramUITests.release.xcconfig */,
				C5556415DC3026F89DE6AA34 /* Pods-ParstagramTests.debug.xcconfig */,
				9D4BF718F02D79F47DB23A3B /* Pods-ParstagramTests.release.xcconfig */,
			);
			path = Pods;
			sourceTree = "<group>";
		};
		6FB1780D07C9B96C9FA829E6 /* Frameworks */ = {
			isa = PBXGroup;
			children = (
				35A66CDF9D47428B142C8615 /* Pods_Parstagram.framework */,
				BCE60790C887B8AE887BB3D9 /* Pods_Parstagram_ParstagramUITests.framework */,
				C7DD903E6050226C910EEFEC /* Pods_ParstagramTests.framework */,
			);
			name = Frameworks;
			sourceTree = "<group>";
		};
		96E2145126018E2A0098DBD6 = {
			isa = PBXGroup;
			children = (
				96E2145C26018E2B0098DBD6 /* Parstagram */,
				96E2147626018E310098DBD6 /* ParstagramTests */,
				96E2148126018E310098DBD6 /* ParstagramUITests */,
				96E2145B26018E2B0098DBD6 /* Products */,
				24E83E01B00519061C79177C /* Pods */,
				6FB1780D07C9B96C9FA829E6 /* Frameworks */,
			);
			sourceTree = "<group>";
		};
		96E2145B26018E2B0098DBD6 /* Products */ = {
			isa = PBXGroup;
			children = (
				96E2145A26018E2B0098DBD6 /* Parstagram.app */,
				96E2147326018E310098DBD6 /* ParstagramTests.xctest */,
				96E2147E26018E310098DBD6 /* ParstagramUITests.xctest */,
			);
			name = Products;
			sourceTree = "<group>";
		};
		96E2145C26018E2B0098DBD6 /* Parstagram */ = {
			isa = PBXGroup;
			children = (
				96E2145D26018E2B0098DBD6 /* AppDelegate.swift */,
				96E2145F26018E2B0098DBD6 /* SceneDelegate.swift */,
				96E2146326018E2B0098DBD6 /* Main.storyboard */,
				96E2146926018E300098DBD6 /* Assets.xcassets */,
				96E2146B26018E300098DBD6 /* LaunchScreen.storyboard */,
				96E2146E26018E300098DBD6 /* Info.plist */,
				96E2146626018E2B0098DBD6 /* Parstagram.xcdatamodeld */,
				96E2149F260194F60098DBD6 /* LoginViewController.swift */,
				96E214A4260195040098DBD6 /* FeedViewController.swift */,
				96E214AC26019BFB0098DBD6 /* CameraViewController.swift */,
				96E214C62601BA4E0098DBD6 /* PostCell.swift */,
				96170DAD260B8DCC001FC760 /* CommentCell.swift */,
			);
			path = Parstagram;
			sourceTree = "<group>";
		};
		96E2147626018E310098DBD6 /* ParstagramTests */ = {
			isa = PBXGroup;
			children = (
				96E2147726018E310098DBD6 /* ParstagramTests.swift */,
				96E2147926018E310098DBD6 /* Info.plist */,
			);
			path = ParstagramTests;
			sourceTree = "<group>";
		};
		96E2148126018E310098DBD6 /* ParstagramUITests */ = {
			isa = PBXGroup;
			children = (
				96E2148226018E310098DBD6 /* ParstagramUITests.swift */,
				96E2148426018E310098DBD6 /* Info.plist */,
			);
			path = ParstagramUITests;
			sourceTree = "<group>";
		};
/* End PBXGroup section */

/* Begin PBXNativeTarget section */
		96E2145926018E2B0098DBD6 /* Parstagram */ = {
			isa = PBXNativeTarget;
			buildConfigurationList = 96E2148726018E310098DBD6 /* Build configuration list for PBXNativeTarget "Parstagram" */;
			buildPhases = (
				77EA8CC5578B33DC33FF44D7 /* [CP] Check Pods Manifest.lock */,
				96E2145626018E2B0098DBD6 /* Sources */,
				96E2145726018E2B0098DBD6 /* Frameworks */,
				96E2145826018E2B0098DBD6 /* Resources */,
				1F232F5A12390091A363CEE4 /* [CP] Embed Pods Frameworks */,
			);
			buildRules = (
			);
			dependencies = (
			);
			name = Parstagram;
			productName = Parstagram;
			productReference = 96E2145A26018E2B0098DBD6 /* Parstagram.app */;
			productType = "com.apple.product-type.application";
		};
		96E2147226018E310098DBD6 /* ParstagramTests */ = {
			isa = PBXNativeTarget;
			buildConfigurationList = 96E2148A26018E310098DBD6 /* Build configuration list for PBXNativeTarget "ParstagramTests" */;
			buildPhases = (
				0860B28938EFE98804FC4D37 /* [CP] Check Pods Manifest.lock */,
				96E2146F26018E310098DBD6 /* Sources */,
				96E2147026018E310098DBD6 /* Frameworks */,
				96E2147126018E310098DBD6 /* Resources */,
			);
			buildRules = (
			);
			dependencies = (
				96E2147526018E310098DBD6 /* PBXTargetDependency */,
			);
			name = ParstagramTests;
			productName = ParstagramTests;
			productReference = 96E2147326018E310098DBD6 /* ParstagramTests.xctest */;
			productType = "com.apple.product-type.bundle.unit-test";
		};
		96E2147D26018E310098DBD6 /* ParstagramUITests */ = {
			isa = PBXNativeTarget;
			buildConfigurationList = 96E2148D26018E310098DBD6 /* Build configuration list for PBXNativeTarget "ParstagramUITests" */;
			buildPhases = (
				D300A3A950E6E2DBDB753805 /* [CP] Check Pods Manifest.lock */,
				96E2147A26018E310098DBD6 /* Sources */,
				96E2147B26018E310098DBD6 /* Frameworks */,
				96E2147C26018E310098DBD6 /* Resources */,
				008391E58B57C2FEAF44FA6C /* [CP] Embed Pods Frameworks */,
			);
			buildRules = (
			);
			dependencies = (
				96E2148026018E310098DBD6 /* PBXTargetDependency */,
			);
			name = ParstagramUITests;
			productName = ParstagramUITests;
			productReference = 96E2147E26018E310098DBD6 /* ParstagramUITests.xctest */;
			productType = "com.apple.product-type.bundle.ui-testing";
		};
/* End PBXNativeTarget section */

/* Begin PBXProject section */
		96E2145226018E2A0098DBD6 /* Project object */ = {
			isa = PBXProject;
			attributes = {
				LastSwiftUpdateCheck = 1220;
				LastUpgradeCheck = 1220;
				TargetAttributes = {
					96E2145926018E2B0098DBD6 = {
						CreatedOnToolsVersion = 12.2;
					};
					96E2147226018E310098DBD6 = {
						CreatedOnToolsVersion = 12.2;
						TestTargetID = 96E2145926018E2B0098DBD6;
					};
					96E2147D26018E310098DBD6 = {
						CreatedOnToolsVersion = 12.2;
						TestTargetID = 96E2145926018E2B0098DBD6;
					};
				};
			};
			buildConfigurationList = 96E2145526018E2A0098DBD6 /* Build configuration list for PBXProject "Parstagram" */;
			compatibilityVersion = "Xcode 9.3";
			developmentRegion = en;
			hasScannedForEncodings = 0;
			knownRegions = (
				en,
				Base,
			);
			mainGroup = 96E2145126018E2A0098DBD6;
			productRefGroup = 96E2145B26018E2B0098DBD6 /* Products */;
			projectDirPath = "";
			projectRoot = "";
			targets = (
				96E2145926018E2B0098DBD6 /* Parstagram */,
				96E2147226018E310098DBD6 /* ParstagramTests */,
				96E2147D26018E310098DBD6 /* ParstagramUITests */,
			);
		};
/* End PBXProject section */

/* Begin PBXResourcesBuildPhase section */
		96E2145826018E2B0098DBD6 /* Resources */ = {
			isa = PBXResourcesBuildPhase;
			buildActionMask = 2147483647;
			files = (
				96E2146D26018E300098DBD6 /* LaunchScreen.storyboard in Resources */,
				96E2146A26018E300098DBD6 /* Assets.xcassets in Resources */,
				96E2146526018E2B0098DBD6 /* Main.storyboard in Resources */,
			);
			runOnlyForDeploymentPostprocessing = 0;
		};
		96E2147126018E310098DBD6 /* Resources */ = {
			isa = PBXResourcesBuildPhase;
			buildActionMask = 2147483647;
			files = (
			);
			runOnlyForDeploymentPostprocessing = 0;
		};
		96E2147C26018E310098DBD6 /* Resources */ = {
			isa = PBXResourcesBuildPhase;
			buildActionMask = 2147483647;
			files = (
			);
			runOnlyForDeploymentPostprocessing = 0;
		};
/* End PBXResourcesBuildPhase section */

/* Begin PBXShellScriptBuildPhase section */
		008391E58B57C2FEAF44FA6C /* [CP] Embed Pods Frameworks */ = {
			isa = PBXShellScriptBuildPhase;
			buildActionMask = 2147483647;
			files = (
			);
			inputFileListPaths = (
				"${PODS_ROOT}/Target Support Files/Pods-Parstagram-ParstagramUITests/Pods-Parstagram-ParstagramUITests-frameworks-${CONFIGURATION}-input-files.xcfilelist",
			);
			name = "[CP] Embed Pods Frameworks";
			outputFileListPaths = (
				"${PODS_ROOT}/Target Support Files/Pods-Parstagram-ParstagramUITests/Pods-Parstagram-ParstagramUITests-frameworks-${CONFIGURATION}-output-files.xcfilelist",
			);
			runOnlyForDeploymentPostprocessing = 0;
			shellPath = /bin/sh;
			shellScript = "\"${PODS_ROOT}/Target Support Files/Pods-Parstagram-ParstagramUITests/Pods-Parstagram-ParstagramUITests-frameworks.sh\"\n";
			showEnvVarsInLog = 0;
		};
		0860B28938EFE98804FC4D37 /* [CP] Check Pods Manifest.lock */ = {
			isa = PBXShellScriptBuildPhase;
			buildActionMask = 2147483647;
			files = (
			);
			inputFileListPaths = (
			);
			inputPaths = (
				"${PODS_PODFILE_DIR_PATH}/Podfile.lock",
				"${PODS_ROOT}/Manifest.lock",
			);
			name = "[CP] Check Pods Manifest.lock";
			outputFileListPaths = (
			);
			outputPaths = (
				"$(DERIVED_FILE_DIR)/Pods-ParstagramTests-checkManifestLockResult.txt",
			);
			runOnlyForDeploymentPostprocessing = 0;
			shellPath = /bin/sh;
			shellScript = "diff \"${PODS_PODFILE_DIR_PATH}/Podfile.lock\" \"${PODS_ROOT}/Manifest.lock\" > /dev/null\nif [ $? != 0 ] ; then\n    # print error to STDERR\n    echo \"error: The sandbox is not in sync with the Podfile.lock. Run 'pod install' or update your CocoaPods installation.\" >&2\n    exit 1\nfi\n# This output is used by Xcode 'outputs' to avoid re-running this script phase.\necho \"SUCCESS\" > \"${SCRIPT_OUTPUT_FILE_0}\"\n";
			showEnvVarsInLog = 0;
		};
		1F232F5A12390091A363CEE4 /* [CP] Embed Pods Frameworks */ = {
			isa = PBXShellScriptBuildPhase;
			buildActionMask = 2147483647;
			files = (
			);
			inputFileListPaths = (
				"${PODS_ROOT}/Target Support Files/Pods-Parstagram/Pods-Parstagram-frameworks-${CONFIGURATION}-input-files.xcfilelist",
			);
			name = "[CP] Embed Pods Frameworks";
			outputFileListPaths = (
				"${PODS_ROOT}/Target Support Files/Pods-Parstagram/Pods-Parstagram-frameworks-${CONFIGURATION}-output-files.xcfilelist",
			);
			runOnlyForDeploymentPostprocessing = 0;
			shellPath = /bin/sh;
			shellScript = "\"${PODS_ROOT}/Target Support Files/Pods-Parstagram/Pods-Parstagram-frameworks.sh\"\n";
			showEnvVarsInLog = 0;
		};
		77EA8CC5578B33DC33FF44D7 /* [CP] Check Pods Manifest.lock */ = {
			isa = PBXShellScriptBuildPhase;
			buildActionMask = 2147483647;
			files = (
			);
			inputFileListPaths = (
			);
			inputPaths = (
				"${PODS_PODFILE_DIR_PATH}/Podfile.lock",
				"${PODS_ROOT}/Manifest.lock",
			);
			name = "[CP] Check Pods Manifest.lock";
			outputFileListPaths = (
			);
			outputPaths = (
				"$(DERIVED_FILE_DIR)/Pods-Parstagram-checkManifestLockResult.txt",
			);
			runOnlyForDeploymentPostprocessing = 0;
			shellPath = /bin/sh;
			shellScript = "diff \"${PODS_PODFILE_DIR_PATH}/Podfile.lock\" \"${PODS_ROOT}/Manifest.lock\" > /dev/null\nif [ $? != 0 ] ; then\n    # print error to STDERR\n    echo \"error: The sandbox is not in sync with the Podfile.lock. Run 'pod install' or update your CocoaPods installation.\" >&2\n    exit 1\nfi\n# This output is used by Xcode 'outputs' to avoid re-running this script phase.\necho \"SUCCESS\" > \"${SCRIPT_OUTPUT_FILE_0}\"\n";
			showEnvVarsInLog = 0;
		};
		D300A3A950E6E2DBDB753805 /* [CP] Check Pods Manifest.lock */ = {
			isa = PBXShellScriptBuildPhase;
			buildActionMask = 2147483647;
			files = (
			);
			inputFileListPaths = (
			);
			inputPaths = (
				"${PODS_PODFILE_DIR_PATH}/Podfile.lock",
				"${PODS_ROOT}/Manifest.lock",
			);
			name = "[CP] Check Pods Manifest.lock";
			outputFileListPaths = (
			);
			outputPaths = (
				"$(DERIVED_FILE_DIR)/Pods-Parstagram-ParstagramUITests-checkManifestLockResult.txt",
			);
			runOnlyForDeploymentPostprocessing = 0;
			shellPath = /bin/sh;
			shellScript = "diff \"${PODS_PODFILE_DIR_PATH}/Podfile.lock\" \"${PODS_ROOT}/Manifest.lock\" > /dev/null\nif [ $? != 0 ] ; then\n    # print error to STDERR\n    echo \"error: The sandbox is not in sync with the Podfile.lock. Run 'pod install' or update your CocoaPods installation.\" >&2\n    exit 1\nfi\n# This output is used by Xcode 'outputs' to avoid re-running this script phase.\necho \"SUCCESS\" > \"${SCRIPT_OUTPUT_FILE_0}\"\n";
			showEnvVarsInLog = 0;
		};
/* End PBXShellScriptBuildPhase section */

/* Begin PBXSourcesBuildPhase section */
		96E2145626018E2B0098DBD6 /* Sources */ = {
			isa = PBXSourcesBuildPhase;
			buildActionMask = 2147483647;
			files = (
				96E214C72601BA4E0098DBD6 /* PostCell.swift in Sources */,
				96E2146826018E2B0098DBD6 /* Parstagram.xcdatamodeld in Sources */,
				96E2145E26018E2B0098DBD6 /* AppDelegate.swift in Sources */,
				96E214A0260194F60098DBD6 /* LoginViewController.swift in Sources */,
				96E214A5260195040098DBD6 /* FeedViewController.swift in Sources */,
				96E2146026018E2B0098DBD6 /* SceneDelegate.swift in Sources */,
				96E214AD26019BFB0098DBD6 /* CameraViewController.swift in Sources */,
				96170DAE260B8DCC001FC760 /* CommentCell.swift in Sources */,
			);
			runOnlyForDeploymentPostprocessing = 0;
		};
		96E2146F26018E310098DBD6 /* Sources */ = {
			isa = PBXSourcesBuildPhase;
			buildActionMask = 2147483647;
			files = (
				96E2147826018E310098DBD6 /* ParstagramTests.swift in Sources */,
			);
			runOnlyForDeploymentPostprocessing = 0;
		};
		96E2147A26018E310098DBD6 /* Sources */ = {
			isa = PBXSourcesBuildPhase;
			buildActionMask = 2147483647;
			files = (
				96E2148326018E310098DBD6 /* ParstagramUITests.swift in Sources */,
			);
			runOnlyForDeploymentPostprocessing = 0;
		};
/* End PBXSourcesBuildPhase section */

/* Begin PBXTargetDependency section */
		96E2147526018E310098DBD6 /* PBXTargetDependency */ = {
			isa = PBXTargetDependency;
			target = 96E2145926018E2B0098DBD6 /* Parstagram */;
			targetProxy = 96E2147426018E310098DBD6 /* PBXContainerItemProxy */;
		};
		96E2148026018E310098DBD6 /* PBXTargetDependency */ = {
			isa = PBXTargetDependency;
			target = 96E2145926018E2B0098DBD6 /* Parstagram */;
			targetProxy = 96E2147F26018E310098DBD6 /* PBXContainerItemProxy */;
		};
/* End PBXTargetDependency section */

/* Begin PBXVariantGroup section */
		96E2146326018E2B0098DBD6 /* Main.storyboard */ = {
			isa = PBXVariantGroup;
			children = (
				96E2146426018E2B0098DBD6 /* Base */,
			);
			name = Main.storyboard;
			sourceTree = "<group>";
		};
		96E2146B26018E300098DBD6 /* LaunchScreen.storyboard */ = {
			isa = PBXVariantGroup;
			children = (
				96E2146C26018E300098DBD6 /* Base */,
			);
			name = LaunchScreen.storyboard;
			sourceTree = "<group>";
		};
/* End PBXVariantGroup section */

/* Begin XCBuildConfiguration section */
		96E2148526018E310098DBD6 /* Debug */ = {
			isa = XCBuildConfiguration;
			buildSettings = {
				ALWAYS_SEARCH_USER_PATHS = NO;
				CLANG_ANALYZER_NONNULL = YES;
				CLANG_ANALYZER_NUMBER_OBJECT_CONVERSION = YES_AGGRESSIVE;
				CLANG_CXX_LANGUAGE_STANDARD = "gnu++14";
				CLANG_CXX_LIBRARY = "libc++";
				CLANG_ENABLE_MODULES = YES;
				CLANG_ENABLE_OBJC_ARC = YES;
				CLANG_ENABLE_OBJC_WEAK = YES;
				CLANG_WARN_BLOCK_CAPTURE_AUTORELEASING = YES;
				CLANG_WARN_BOOL_CONVERSION = YES;
				CLANG_WARN_COMMA = YES;
				CLANG_WARN_CONSTANT_CONVERSION = YES;
				CLANG_WARN_DEPRECATED_OBJC_IMPLEMENTATIONS = YES;
				CLANG_WARN_DIRECT_OBJC_ISA_USAGE = YES_ERROR;
				CLANG_WARN_DOCUMENTATION_COMMENTS = YES;
				CLANG_WARN_EMPTY_BODY = YES;
				CLANG_WARN_ENUM_CONVERSION = YES;
				CLANG_WARN_INFINITE_RECURSION = YES;
				CLANG_WARN_INT_CONVERSION = YES;
				CLANG_WARN_NON_LITERAL_NULL_CONVERSION = YES;
				CLANG_WARN_OBJC_IMPLICIT_RETAIN_SELF = YES;
				CLANG_WARN_OBJC_LITERAL_CONVERSION = YES;
				CLANG_WARN_OBJC_ROOT_CLASS = YES_ERROR;
				CLANG_WARN_QUOTED_INCLUDE_IN_FRAMEWORK_HEADER = YES;
				CLANG_WARN_RANGE_LOOP_ANALYSIS = YES;
				CLANG_WARN_STRICT_PROTOTYPES = YES;
				CLANG_WARN_SUSPICIOUS_MOVE = YES;
				CLANG_WARN_UNGUARDED_AVAILABILITY = YES_AGGRESSIVE;
				CLANG_WARN_UNREACHABLE_CODE = YES;
				CLANG_WARN__DUPLICATE_METHOD_MATCH = YES;
				COPY_PHASE_STRIP = NO;
				DEBUG_INFORMATION_FORMAT = dwarf;
				ENABLE_STRICT_OBJC_MSGSEND = YES;
				ENABLE_TESTABILITY = YES;
				GCC_C_LANGUAGE_STANDARD = gnu11;
				GCC_DYNAMIC_NO_PIC = NO;
				GCC_NO_COMMON_BLOCKS = YES;
				GCC_OPTIMIZATION_LEVEL = 0;
				GCC_PREPROCESSOR_DEFINITIONS = (
					"DEBUG=1",
					"$(inherited)",
				);
				GCC_WARN_64_TO_32_BIT_CONVERSION = YES;
				GCC_WARN_ABOUT_RETURN_TYPE = YES_ERROR;
				GCC_WARN_UNDECLARED_SELECTOR = YES;
				GCC_WARN_UNINITIALIZED_AUTOS = YES_AGGRESSIVE;
				GCC_WARN_UNUSED_FUNCTION = YES;
				GCC_WARN_UNUSED_VARIABLE = YES;
				IPHONEOS_DEPLOYMENT_TARGET = 14.2;
				MTL_ENABLE_DEBUG_INFO = INCLUDE_SOURCE;
				MTL_FAST_MATH = YES;
				ONLY_ACTIVE_ARCH = YES;
				SDKROOT = iphoneos;
				SWIFT_ACTIVE_COMPILATION_CONDITIONS = DEBUG;
				SWIFT_OPTIMIZATION_LEVEL = "-Onone";
			};
			name = Debug;
		};
		96E2148626018E310098DBD6 /* Release */ = {
			isa = XCBuildConfiguration;
			buildSettings = {
				ALWAYS_SEARCH_USER_PATHS = NO;
				CLANG_ANALYZER_NONNULL = YES;
				CLANG_ANALYZER_NUMBER_OBJECT_CONVERSION = YES_AGGRESSIVE;
				CLANG_CXX_LANGUAGE_STANDARD = "gnu++14";
				CLANG_CXX_LIBRARY = "libc++";
				CLANG_ENABLE_MODULES = YES;
				CLANG_ENABLE_OBJC_ARC = YES;
				CLANG_ENABLE_OBJC_WEAK = YES;
				CLANG_WARN_BLOCK_CAPTURE_AUTORELEASING = YES;
				CLANG_WARN_BOOL_CONVERSION = YES;
				CLANG_WARN_COMMA = YES;
				CLANG_WARN_CONSTANT_CONVERSION = YES;
				CLANG_WARN_DEPRECATED_OBJC_IMPLEMENTATIONS = YES;
				CLANG_WARN_DIRECT_OBJC_ISA_USAGE = YES_ERROR;
				CLANG_WARN_DOCUMENTATION_COMMENTS = YES;
				CLANG_WARN_EMPTY_BODY = YES;
				CLANG_WARN_ENUM_CONVERSION = YES;
				CLANG_WARN_INFINITE_RECURSION = YES;
				CLANG_WARN_INT_CONVERSION = YES;
				CLANG_WARN_NON_LITERAL_NULL_CONVERSION = YES;
				CLANG_WARN_OBJC_IMPLICIT_RETAIN_SELF = YES;
				CLANG_WARN_OBJC_LITERAL_CONVERSION = YES;
				CLANG_WARN_OBJC_ROOT_CLASS = YES_ERROR;
				CLANG_WARN_QUOTED_INCLUDE_IN_FRAMEWORK_HEADER = YES;
				CLANG_WARN_RANGE_LOOP_ANALYSIS = YES;
				CLANG_WARN_STRICT_PROTOTYPES = YES;
				CLANG_WARN_SUSPICIOUS_MOVE = YES;
				CLANG_WARN_UNGUARDED_AVAILABILITY = YES_AGGRESSIVE;
				CLANG_WARN_UNREACHABLE_CODE = YES;
				CLANG_WARN__DUPLICATE_METHOD_MATCH = YES;
				COPY_PHASE_STRIP = NO;
				DEBUG_INFORMATION_FORMAT = "dwarf-with-dsym";
				ENABLE_NS_ASSERTIONS = NO;
				ENABLE_STRICT_OBJC_MSGSEND = YES;
				GCC_C_LANGUAGE_STANDARD = gnu11;
				GCC_NO_COMMON_BLOCKS = YES;
				GCC_WARN_64_TO_32_BIT_CONVERSION = YES;
				GCC_WARN_ABOUT_RETURN_TYPE = YES_ERROR;
				GCC_WARN_UNDECLARED_SELECTOR = YES;
				GCC_WARN_UNINITIALIZED_AUTOS = YES_AGGRESSIVE;
				GCC_WARN_UNUSED_FUNCTION = YES;
				GCC_WARN_UNUSED_VARIABLE = YES;
				IPHONEOS_DEPLOYMENT_TARGET = 14.2;
				MTL_ENABLE_DEBUG_INFO = NO;
				MTL_FAST_MATH = YES;
				SDKROOT = iphoneos;
				SWIFT_COMPILATION_MODE = wholemodule;
				SWIFT_OPTIMIZATION_LEVEL = "-O";
				VALIDATE_PRODUCT = YES;
			};
			name = Release;
		};
		96E2148826018E310098DBD6 /* Debug */ = {
			isa = XCBuildConfiguration;
			baseConfigurationReference = 215C0138BEE1C7C20A7B1F0E /* Pods-Parstagram.debug.xcconfig */;
			buildSettings = {
				ASSETCATALOG_COMPILER_APPICON_NAME = AppIcon;
				ASSETCATALOG_COMPILER_GLOBAL_ACCENT_COLOR_NAME = AccentColor;
				CODE_SIGN_STYLE = Automatic;
				INFOPLIST_FILE = Parstagram/Info.plist;
				LD_RUNPATH_SEARCH_PATHS = (
					"$(inherited)",
					"@executable_path/Frameworks",
				);
				PRODUCT_BUNDLE_IDENTIFIER = Jason.Parstagram;
				PRODUCT_NAME = "$(TARGET_NAME)";
				SWIFT_VERSION = 5.0;
				TARGETED_DEVICE_FAMILY = "1,2";
			};
			name = Debug;
		};
		96E2148926018E310098DBD6 /* Release */ = {
			isa = XCBuildConfiguration;
			baseConfigurationReference = 1E47366BE63428A793BEE695 /* Pods-Parstagram.release.xcconfig */;
			buildSettings = {
				ASSETCATALOG_COMPILER_APPICON_NAME = AppIcon;
				ASSETCATALOG_COMPILER_GLOBAL_ACCENT_COLOR_NAME = AccentColor;
				CODE_SIGN_STYLE = Automatic;
				INFOPLIST_FILE = Parstagram/Info.plist;
				LD_RUNPATH_SEARCH_PATHS = (
					"$(inherited)",
					"@executable_path/Frameworks",
				);
				PRODUCT_BUNDLE_IDENTIFIER = Jason.Parstagram;
				PRODUCT_NAME = "$(TARGET_NAME)";
				SWIFT_VERSION = 5.0;
				TARGETED_DEVICE_FAMILY = "1,2";
			};
			name = Release;
		};
		96E2148B26018E310098DBD6 /* Debug */ = {
			isa = XCBuildConfiguration;
			baseConfigurationReference = C5556415DC3026F89DE6AA34 /* Pods-ParstagramTests.debug.xcconfig */;
			buildSettings = {
				ALWAYS_EMBED_SWIFT_STANDARD_LIBRARIES = YES;
				BUNDLE_LOADER = "$(TEST_HOST)";
				CODE_SIGN_STYLE = Automatic;
				INFOPLIST_FILE = ParstagramTests/Info.plist;
				IPHONEOS_DEPLOYMENT_TARGET = 14.2;
				LD_RUNPATH_SEARCH_PATHS = (
					"$(inherited)",
					"@executable_path/Frameworks",
					"@loader_path/Frameworks",
				);
				PRODUCT_BUNDLE_IDENTIFIER = Jason.ParstagramTests;
				PRODUCT_NAME = "$(TARGET_NAME)";
				SWIFT_VERSION = 5.0;
				TARGETED_DEVICE_FAMILY = "1,2";
				TEST_HOST = "$(BUILT_PRODUCTS_DIR)/Parstagram.app/Parstagram";
			};
			name = Debug;
		};
		96E2148C26018E310098DBD6 /* Release */ = {
			isa = XCBuildConfiguration;
			baseConfigurationReference = 9D4BF718F02D79F47DB23A3B /* Pods-ParstagramTests.release.xcconfig */;
			buildSettings = {
				ALWAYS_EMBED_SWIFT_STANDARD_LIBRARIES = YES;
				BUNDLE_LOADER = "$(TEST_HOST)";
				CODE_SIGN_STYLE = Automatic;
				INFOPLIST_FILE = ParstagramTests/Info.plist;
				IPHONEOS_DEPLOYMENT_TARGET = 14.2;
				LD_RUNPATH_SEARCH_PATHS = (
					"$(inherited)",
					"@executable_path/Frameworks",
					"@loader_path/Frameworks",
				);
				PRODUCT_BUNDLE_IDENTIFIER = Jason.ParstagramTests;
				PRODUCT_NAME = "$(TARGET_NAME)";
				SWIFT_VERSION = 5.0;
				TARGETED_DEVICE_FAMILY = "1,2";
				TEST_HOST = "$(BUILT_PRODUCTS_DIR)/Parstagram.app/Parstagram";
			};
			name = Release;
		};
		96E2148E26018E310098DBD6 /* Debug */ = {
			isa = XCBuildConfiguration;
			baseConfigurationReference = 24C7E14DAA4B28312626E111 /* Pods-Parstagram-ParstagramUITests.debug.xcconfig */;
			buildSettings = {
				ALWAYS_EMBED_SWIFT_STANDARD_LIBRARIES = YES;
				CODE_SIGN_STYLE = Automatic;
				INFOPLIST_FILE = ParstagramUITests/Info.plist;
				LD_RUNPATH_SEARCH_PATHS = (
					"$(inherited)",
					"@executable_path/Frameworks",
					"@loader_path/Frameworks",
				);
				PRODUCT_BUNDLE_IDENTIFIER = Jason.ParstagramUITests;
				PRODUCT_NAME = "$(TARGET_NAME)";
				SWIFT_VERSION = 5.0;
				TARGETED_DEVICE_FAMILY = "1,2";
				TEST_TARGET_NAME = Parstagram;
			};
			name = Debug;
		};
		96E2148F26018E310098DBD6 /* Release */ = {
			isa = XCBuildConfiguration;
			baseConfigurationReference = A8BA29AC5DCBFCAB8E2F9D23 /* Pods-Parstagram-ParstagramUITests.release.xcconfig */;
			buildSettings = {
				ALWAYS_EMBED_SWIFT_STANDARD_LIBRARIES = YES;
				CODE_SIGN_STYLE = Automatic;
				INFOPLIST_FILE = ParstagramUITests/Info.plist;
				LD_RUNPATH_SEARCH_PATHS = (
					"$(inherited)",
					"@executable_path/Frameworks",
					"@loader_path/Frameworks",
				);
				PRODUCT_BUNDLE_IDENTIFIER = Jason.ParstagramUITests;
				PRODUCT_NAME = "$(TARGET_NAME)";
				SWIFT_VERSION = 5.0;
				TARGETED_DEVICE_FAMILY = "1,2";
				TEST_TARGET_NAME = Parstagram;
			};
			name = Release;
		};
/* End XCBuildConfiguration section */

/* Begin XCConfigurationList section */
		96E2145526018E2A0098DBD6 /* Build configuration list for PBXProject "Parstagram" */ = {
			isa = XCConfigurationList;
			buildConfigurations = (
				96E2148526018E310098DBD6 /* Debug */,
				96E2148626018E310098DBD6 /* Release */,
			);
			defaultConfigurationIsVisible = 0;
			defaultConfigurationName = Release;
		};
		96E2148726018E310098DBD6 /* Build configuration list for PBXNativeTarget "Parstagram" */ = {
			isa = XCConfigurationList;
			buildConfigurations = (
				96E2148826018E310098DBD6 /* Debug */,
				96E2148926018E310098DBD6 /* Release */,
			);
			defaultConfigurationIsVisible = 0;
			defaultConfigurationName = Release;
		};
		96E2148A26018E310098DBD6 /* Build configuration list for PBXNativeTarget "ParstagramTests" */ = {
			isa = XCConfigurationList;
			buildConfigurations = (
				96E2148B26018E310098DBD6 /* Debug */,
				96E2148C26018E310098DBD6 /* Release */,
			);
			defaultConfigurationIsVisible = 0;
			defaultConfigurationName = Release;
		};
		96E2148D26018E310098DBD6 /* Build configuration list for PBXNativeTarget "ParstagramUITests" */ = {
			isa = XCConfigurationList;
			buildConfigurations = (
				96E2148E26018E310098DBD6 /* Debug */,
				96E2148F26018E310098DBD6 /* Release */,
			);
			defaultConfigurationIsVisible = 0;
			defaultConfigurationName = Release;
		};
/* End XCConfigurationList section */

/* Begin XCVersionGroup section */
		96E2146626018E2B0098DBD6 /* Parstagram.xcdatamodeld */ = {
			isa = XCVersionGroup;
			children = (
				96E2146726018E2B0098DBD6 /* Parstagram.xcdatamodel */,
			);
			currentVersion = 96E2146726018E2B0098DBD6 /* Parstagram.xcdatamodel */;
			path = Parstagram.xcdatamodeld;
			sourceTree = "<group>";
			versionGroupType = wrapper.xcdatamodel;
		};
/* End XCVersionGroup section */
	};
	rootObject = 96E2145226018E2A0098DBD6 /* Project object */;
}
